
Microsoft Visual Studio Solution File, Format Version 12.00
# Visual Studio 15
VisualStudioVersion = 15.0.28307.539
MinimumVisualStudioVersion = 10.0.40219.1
Project("{9A19103F-16F7-4668-BE54-9A1E7A4F7556}") = "Dreamlines.Backend", "Dreamlines.Backend\Dreamlines.Backend\Dreamlines.Backend.csproj", "{80DE0976-FC8B-4684-AC6C-97EFA53A1336}"
EndProject
Project("{9A19103F-16F7-4668-BE54-9A1E7A4F7556}") = "DreamLines.Entity", "DreamLines.Entity\DreamLines.Entity\DreamLines.Entity.csproj", "{3E55A8CC-9DBC-4922-B1D1-46A6C74A3FB2}"
EndProject
Project("{9A19103F-16F7-4668-BE54-9A1E7A4F7556}") = "DreamLines.Models", "DreamLines.Models\DreamLines.Models\DreamLines.Models.csproj", "{41F5D4FD-7213-4A4F-9D17-D7A607545449}"
EndProject
Project("{FAE04EC0-301F-11D3-BF4B-00C04F79EFBC}") = "DreamLines.BLL", "DreamLines.BLL\DreamLines.BLL\DreamLines.BLL.csproj", "{0ED6038B-0596-43C3-80EE-793020175B72}"
EndProject
Project("{9A19103F-16F7-4668-BE54-9A1E7A4F7556}") = "DreamLines.Testing", "Dreamline.Test\DreamLines.Testing.csproj", "{6C29D4F0-5B5B-4109-A41F-CE43E8EB0CC5}"
EndProject
Project("{E24C65DC-7377-472B-9ABA-BC803B73C61A}") = "DreamLines-FrontEnd", "DreamLines.Frontend\DreamLines-FrontEnd\", "{54F40AE4-E79E-4B4C-9B7F-1228BBB530D1}"
	ProjectSection(WebsiteProperties) = preProject
		TargetFrameworkMoniker = ".NETFramework,Version%3Dv4.0"
		Debug.AspNetCompiler.VirtualPath = "/localhost_64254"
		Debug.AspNetCompiler.PhysicalPath = "DreamLines.Frontend\DreamLines-FrontEnd\"
		Debug.AspNetCompiler.TargetPath = "PrecompiledWeb\localhost_64254\"
		Debug.AspNetCompiler.Updateable = "true"
		Debug.AspNetCompiler.ForceOverwrite = "true"
		Debug.AspNetCompiler.FixedNames = "false"
		Debug.AspNetCompiler.Debug = "True"
		Release.AspNetCompiler.VirtualPath = "/localhost_64254"
		Release.AspNetCompiler.PhysicalPath = "DreamLines.Frontend\DreamLines-FrontEnd\"
		Release.AspNetCompiler.TargetPath = "PrecompiledWeb\localhost_64254\"
		Release.AspNetCompiler.Updateable = "true"
		Release.AspNetCompiler.ForceOverwrite = "true"
		Release.AspNetCompiler.FixedNames = "false"
		Release.AspNetCompiler.Debug = "False"
		VWDPort = "64254"
		SlnRelativePath = "DreamLines.Frontend\DreamLines-FrontEnd\"
	EndProjectSection
EndProject
Global
	GlobalSection(SolutionConfigurationPlatforms) = preSolution
		Debug|Any CPU = Debug|Any CPU
		Release|Any CPU = Release|Any CPU
	EndGlobalSection
	GlobalSection(ProjectConfigurationPlatforms) = postSolution
		{80DE0976-FC8B-4684-AC6C-97EFA53A1336}.Debug|Any CPU.ActiveCfg = Debug|Any CPU
		{80DE0976-FC8B-4684-AC6C-97EFA53A1336}.Debug|Any CPU.Build.0 = Debug|Any CPU
		{80DE0976-FC8B-4684-AC6C-97EFA53A1336}.Release|Any CPU.ActiveCfg = Release|Any CPU
		{80DE0976-FC8B-4684-AC6C-97EFA53A1336}.Release|Any CPU.Build.0 = Release|Any CPU
		{3E55A8CC-9DBC-4922-B1D1-46A6C74A3FB2}.Debug|Any CPU.ActiveCfg = Debug|Any CPU
		{3E55A8CC-9DBC-4922-B1D1-46A6C74A3FB2}.Debug|Any CPU.Build.0 = Debug|Any CPU
		{3E55A8CC-9DBC-4922-B1D1-46A6C74A3FB2}.Release|Any CPU.ActiveCfg = Release|Any CPU
		{3E55A8CC-9DBC-4922-B1D1-46A6C74A3FB2}.Release|Any CPU.Build.0 = Release|Any CPU
		{41F5D4FD-7213-4A4F-9D17-D7A607545449}.Debug|Any CPU.ActiveCfg = Debug|Any CPU
		{41F5D4FD-7213-4A4F-9D17-D7A607545449}.Debug|Any CPU.Build.0 = Debug|Any CPU
		{41F5D4FD-7213-4A4F-9D17-D7A607545449}.Release|Any CPU.ActiveCfg = Release|Any CPU
		{41F5D4FD-7213-4A4F-9D17-D7A607545449}.Release|Any CPU.Build.0 = Release|Any CPU
		{0ED6038B-0596-43C3-80EE-793020175B72}.Debug|Any CPU.ActiveCfg = Debug|Any CPU
		{0ED6038B-0596-43C3-80EE-793020175B72}.Debug|Any CPU.Build.0 = Debug|Any CPU
		{0ED6038B-0596-43C3-80EE-793020175B72}.Release|Any CPU.ActiveCfg = Release|Any CPU
		{0ED6038B-0596-43C3-80EE-793020175B72}.Release|Any CPU.Build.0 = Release|Any CPU
		{6C29D4F0-5B5B-4109-A41F-CE43E8EB0CC5}.Debug|Any CPU.ActiveCfg = Debug|Any CPU
		{6C29D4F0-5B5B-4109-A41F-CE43E8EB0CC5}.Debug|Any CPU.Build.0 = Debug|Any CPU
		{6C29D4F0-5B5B-4109-A41F-CE43E8EB0CC5}.Release|Any CPU.ActiveCfg = Release|Any CPU
		{6C29D4F0-5B5B-4109-A41F-CE43E8EB0CC5}.Release|Any CPU.Build.0 = Release|Any CPU
		{54F40AE4-E79E-4B4C-9B7F-1228BBB530D1}.Debug|Any CPU.ActiveCfg = Debug|Any CPU
		{54F40AE4-E79E-4B4C-9B7F-1228BBB530D1}.Debug|Any CPU.Build.0 = Debug|Any CPU
		{54F40AE4-E79E-4B4C-9B7F-1228BBB530D1}.Release|Any CPU.ActiveCfg = Debug|Any CPU
		{54F40AE4-E79E-4B4C-9B7F-1228BBB530D1}.Release|Any CPU.Build.0 = Debug|Any CPU
	EndGlobalSection
	GlobalSection(SolutionProperties) = preSolution
		HideSolutionNode = FALSE
	EndGlobalSection
	GlobalSection(ExtensibilityGlobals) = postSolution
		SolutionGuid = {4BAACAC0-CEAD-44D6-B0D3-19DBE6465600}
	EndGlobalSection
EndGlobal
